// !$*UTF8*$!
{
	archiveVersion = 1;
	classes = {
	};
	objectVersion = 48;
	objects = {

/* Begin PBXBuildFile section */
		1B55F70A42018EE7CA2447D8 /* Pods_ReactiveYelpExample.framework in Frameworks */ = {isa = PBXBuildFile; fileRef = 6B6C1B434967452DE4E124C5 /* Pods_ReactiveYelpExample.framework */; };
		54393BD02054B03F00914188 /* YelpAPIClient.swift in Sources */ = {isa = PBXBuildFile; fileRef = 54393BCF2054B03F00914188 /* YelpAPIClient.swift */; };
		54393BD32054B8EB00914188 /* Business.swift in Sources */ = {isa = PBXBuildFile; fileRef = 54393BD22054B8EB00914188 /* Business.swift */; };
		54393BD72054C07800914188 /* BusinessTableViewCell.swift in Sources */ = {isa = PBXBuildFile; fileRef = 54393BD52054C07800914188 /* BusinessTableViewCell.swift */; };
		54393BD82054C07800914188 /* BusinessTableViewCell.xib in Resources */ = {isa = PBXBuildFile; fileRef = 54393BD62054C07800914188 /* BusinessTableViewCell.xib */; };
		54393BDC2054CF0200914188 /* ImageDownloader.swift in Sources */ = {isa = PBXBuildFile; fileRef = 54393BDB2054CF0200914188 /* ImageDownloader.swift */; };
		547F367220531249002BD738 /* AppDelegate.swift in Sources */ = {isa = PBXBuildFile; fileRef = 547F367120531249002BD738 /* AppDelegate.swift */; };
		547F367420531249002BD738 /* BusinessesVC.swift in Sources */ = {isa = PBXBuildFile; fileRef = 547F367320531249002BD738 /* BusinessesVC.swift */; };
		547F367720531249002BD738 /* Main.storyboard in Resources */ = {isa = PBXBuildFile; fileRef = 547F367520531249002BD738 /* Main.storyboard */; };
		547F367920531249002BD738 /* Assets.xcassets in Resources */ = {isa = PBXBuildFile; fileRef = 547F367820531249002BD738 /* Assets.xcassets */; };
		547F367C20531249002BD738 /* LaunchScreen.storyboard in Resources */ = {isa = PBXBuildFile; fileRef = 547F367A20531249002BD738 /* LaunchScreen.storyboard */; };
		547F368720531249002BD738 /* ReactiveYelpExampleTests.swift in Sources */ = {isa = PBXBuildFile; fileRef = 547F368620531249002BD738 /* ReactiveYelpExampleTests.swift */; };
/* End PBXBuildFile section */

/* Begin PBXContainerItemProxy section */
		547F368320531249002BD738 /* PBXContainerItemProxy */ = {
			isa = PBXContainerItemProxy;
			containerPortal = 547F366620531248002BD738 /* Project object */;
			proxyType = 1;
			remoteGlobalIDString = 547F366D20531248002BD738;
			remoteInfo = ReactiveYelpExample;
		};
/* End PBXContainerItemProxy section */

/* Begin PBXFileReference section */
		0EC288755E2283D118257146 /* Pods-ReactiveYelpExample.release.xcconfig */ = {isa = PBXFileReference; includeInIndex = 1; lastKnownFileType = text.xcconfig; name = "Pods-ReactiveYelpExample.release.xcconfig"; path = "Pods/Target Support Files/Pods-ReactiveYelpExample/Pods-ReactiveYelpExample.release.xcconfig"; sourceTree = "<group>"; };
		2558D24DCD11D9A85481B5A1 /* Pods-ReactiveYelpExample.debug.xcconfig */ = {isa = PBXFileReference; includeInIndex = 1; lastKnownFileType = text.xcconfig; name = "Pods-ReactiveYelpExample.debug.xcconfig"; path = "Pods/Target Support Files/Pods-ReactiveYelpExample/Pods-ReactiveYelpExample.debug.xcconfig"; sourceTree = "<group>"; };
		54393BCF2054B03F00914188 /* YelpAPIClient.swift */ = {isa = PBXFileReference; lastKnownFileType = sourcecode.swift; path = YelpAPIClient.swift; sourceTree = "<group>"; };
		54393BD22054B8EB00914188 /* Business.swift */ = {isa = PBXFileReference; lastKnownFileType = sourcecode.swift; path = Business.swift; sourceTree = "<group>"; };
		54393BD52054C07800914188 /* BusinessTableViewCell.swift */ = {isa = PBXFileReference; lastKnownFileType = sourcecode.swift; path = BusinessTableViewCell.swift; sourceTree = "<group>"; };
		54393BD62054C07800914188 /* BusinessTableViewCell.xib */ = {isa = PBXFileReference; lastKnownFileType = file.xib; path = BusinessTableViewCell.xib; sourceTree = "<group>"; };
		54393BDB2054CF0200914188 /* ImageDownloader.swift */ = {isa = PBXFileReference; lastKnownFileType = sourcecode.swift; path = ImageDownloader.swift; sourceTree = "<group>"; };
		547F366E20531248002BD738 /* ReactiveYelpExample.app */ = {isa = PBXFileReference; explicitFileType = wrapper.application; includeInIndex = 0; path = ReactiveYelpExample.app; sourceTree = BUILT_PRODUCTS_DIR; };
		547F367120531249002BD738 /* AppDelegate.swift */ = {isa = PBXFileReference; lastKnownFileType = sourcecode.swift; path = AppDelegate.swift; sourceTree = "<group>"; };
		547F367320531249002BD738 /* BusinessesVC.swift */ = {isa = PBXFileReference; lastKnownFileType = sourcecode.swift; path = BusinessesVC.swift; sourceTree = "<group>"; };
		547F367620531249002BD738 /* Base */ = {isa = PBXFileReference; lastKnownFileType = file.storyboard; name = Base; path = Base.lproj/Main.storyboard; sourceTree = "<group>"; };
		547F367820531249002BD738 /* Assets.xcassets */ = {isa = PBXFileReference; lastKnownFileType = folder.assetcatalog; path = Assets.xcassets; sourceTree = "<group>"; };
		547F367B20531249002BD738 /* Base */ = {isa = PBXFileReference; lastKnownFileType = file.storyboard; name = Base; path = Base.lproj/LaunchScreen.storyboard; sourceTree = "<group>"; };
		547F367D20531249002BD738 /* Info.plist */ = {isa = PBXFileReference; lastKnownFileType = text.plist.xml; path = Info.plist; sourceTree = "<group>"; };
		547F368220531249002BD738 /* ReactiveYelpExampleTests.xctest */ = {isa = PBXFileReference; explicitFileType = wrapper.cfbundle; includeInIndex = 0; path = ReactiveYelpExampleTests.xctest; sourceTree = BUILT_PRODUCTS_DIR; };
		547F368620531249002BD738 /* ReactiveYelpExampleTests.swift */ = {isa = PBXFileReference; lastKnownFileType = sourcecode.swift; path = ReactiveYelpExampleTests.swift; sourceTree = "<group>"; };
		547F368820531249002BD738 /* Info.plist */ = {isa = PBXFileReference; lastKnownFileType = text.plist.xml; path = Info.plist; sourceTree = "<group>"; };
		6B6C1B434967452DE4E124C5 /* Pods_ReactiveYelpExample.framework */ = {isa = PBXFileReference; explicitFileType = wrapper.framework; includeInIndex = 0; path = Pods_ReactiveYelpExample.framework; sourceTree = BUILT_PRODUCTS_DIR; };
/* End PBXFileReference section */

/* Begin PBXFrameworksBuildPhase section */
		547F366B20531248002BD738 /* Frameworks */ = {
			isa = PBXFrameworksBuildPhase;
			buildActionMask = 2147483647;
			files = (
				1B55F70A42018EE7CA2447D8 /* Pods_ReactiveYelpExample.framework in Frameworks */,
			);
			runOnlyForDeploymentPostprocessing = 0;
		};
		547F367F20531249002BD738 /* Frameworks */ = {
			isa = PBXFrameworksBuildPhase;
			buildActionMask = 2147483647;
			files = (
			);
			runOnlyForDeploymentPostprocessing = 0;
		};
/* End PBXFrameworksBuildPhase section */

/* Begin PBXGroup section */
		3D380B8C68E6A98269F14EF9 /* Pods */ = {
			isa = PBXGroup;
			children = (
				2558D24DCD11D9A85481B5A1 /* Pods-ReactiveYelpExample.debug.xcconfig */,
				0EC288755E2283D118257146 /* Pods-ReactiveYelpExample.release.xcconfig */,
			);
			name = Pods;
			sourceTree = "<group>";
		};
		54393BD12054B8DE00914188 /* Models */ = {
			isa = PBXGroup;
			children = (
				54393BD22054B8EB00914188 /* Business.swift */,
			);
			path = Models;
			sourceTree = "<group>";
		};
		54393BD42054C02800914188 /* Views */ = {
			isa = PBXGroup;
			children = (
				54393BD52054C07800914188 /* BusinessTableViewCell.swift */,
				54393BD62054C07800914188 /* BusinessTableViewCell.xib */,
			);
			path = Views;
			sourceTree = "<group>";
		};
		54393BD92054C2F800914188 /* ViewControllers */ = {
			isa = PBXGroup;
			children = (
				547F367320531249002BD738 /* BusinessesVC.swift */,
			);
			path = ViewControllers;
			sourceTree = "<group>";
		};
		54393BDA2054CECC00914188 /* Helpers */ = {
			isa = PBXGroup;
			children = (
				54393BDB2054CF0200914188 /* ImageDownloader.swift */,
			);
			path = Helpers;
			sourceTree = "<group>";
		};
		547F366520531248002BD738 = {
			isa = PBXGroup;
			children = (
				547F367020531248002BD738 /* ReactiveYelpExample */,
				547F368520531249002BD738 /* ReactiveYelpExampleTests */,
				547F366F20531248002BD738 /* Products */,
				3D380B8C68E6A98269F14EF9 /* Pods */,
				BAE3547934B5CD6E8A276E77 /* Frameworks */,
			);
			sourceTree = "<group>";
		};
		547F366F20531248002BD738 /* Products */ = {
			isa = PBXGroup;
			children = (
				547F366E20531248002BD738 /* ReactiveYelpExample.app */,
				547F368220531249002BD738 /* ReactiveYelpExampleTests.xctest */,
			);
			name = Products;
			sourceTree = "<group>";
		};
		547F367020531248002BD738 /* ReactiveYelpExample */ = {
			isa = PBXGroup;
			children = (
				54393BDA2054CECC00914188 /* Helpers */,
				54393BD92054C2F800914188 /* ViewControllers */,
				54393BD42054C02800914188 /* Views */,
				54393BD12054B8DE00914188 /* Models */,
				54393BCF2054B03F00914188 /* YelpAPIClient.swift */,
				547F367120531249002BD738 /* AppDelegate.swift */,
				547F367520531249002BD738 /* Main.storyboard */,
				547F367820531249002BD738 /* Assets.xcassets */,
				547F367A20531249002BD738 /* LaunchScreen.storyboard */,
				547F367D20531249002BD738 /* Info.plist */,
			);
			path = ReactiveYelpExample;
			sourceTree = "<group>";
		};
		547F368520531249002BD738 /* ReactiveYelpExampleTests */ = {
			isa = PBXGroup;
			children = (
				547F368620531249002BD738 /* ReactiveYelpExampleTests.swift */,
				547F368820531249002BD738 /* Info.plist */,
			);
			path = ReactiveYelpExampleTests;
			sourceTree = "<group>";
		};
		BAE3547934B5CD6E8A276E77 /* Frameworks */ = {
			isa = PBXGroup;
			children = (
				6B6C1B434967452DE4E124C5 /* Pods_ReactiveYelpExample.framework */,
			);
			name = Frameworks;
			sourceTree = "<group>";
		};
/* End PBXGroup section */

/* Begin PBXNativeTarget section */
		547F366D20531248002BD738 /* ReactiveYelpExample */ = {
			isa = PBXNativeTarget;
			buildConfigurationList = 547F368B20531249002BD738 /* Build configuration list for PBXNativeTarget "ReactiveYelpExample" */;
			buildPhases = (
				2FAAF0246FECC6E04D64C343 /* [CP] Check Pods Manifest.lock */,
				547F366A20531248002BD738 /* Sources */,
				547F366B20531248002BD738 /* Frameworks */,
				547F366C20531248002BD738 /* Resources */,
				1869B34CC8C1AD7156F336C6 /* [CP] Embed Pods Frameworks */,
				BD343C446EC61BC1F2B07698 /* [CP] Copy Pods Resources */,
			);
			buildRules = (
			);
			dependencies = (
			);
			name = ReactiveYelpExample;
			productName = ReactiveYelpExample;
			productReference = 547F366E20531248002BD738 /* ReactiveYelpExample.app */;
			productType = "com.apple.product-type.application";
		};
		547F368120531249002BD738 /* ReactiveYelpExampleTests */ = {
			isa = PBXNativeTarget;
			buildConfigurationList = 547F368E20531249002BD738 /* Build configuration list for PBXNativeTarget "ReactiveYelpExampleTests" */;
			buildPhases = (
				547F367E20531249002BD738 /* Sources */,
				547F367F20531249002BD738 /* Frameworks */,
				547F368020531249002BD738 /* Resources */,
			);
			buildRules = (
			);
			dependencies = (
				547F368420531249002BD738 /* PBXTargetDependency */,
			);
			name = ReactiveYelpExampleTests;
			productName = ReactiveYelpExampleTests;
			productReference = 547F368220531249002BD738 /* ReactiveYelpExampleTests.xctest */;
			productType = "com.apple.product-type.bundle.unit-test";
		};
/* End PBXNativeTarget section */

/* Begin PBXProject section */
		547F366620531248002BD738 /* Project object */ = {
			isa = PBXProject;
			attributes = {
				LastSwiftUpdateCheck = 0920;
				LastUpgradeCheck = 0920;
				ORGANIZATIONNAME = "Louis Basile";
				TargetAttributes = {
					547F366D20531248002BD738 = {
						CreatedOnToolsVersion = 9.2;
						ProvisioningStyle = Automatic;
					};
					547F368120531249002BD738 = {
						CreatedOnToolsVersion = 9.2;
						ProvisioningStyle = Automatic;
						TestTargetID = 547F366D20531248002BD738;
					};
				};
			};
			buildConfigurationList = 547F366920531248002BD738 /* Build configuration list for PBXProject "ReactiveYelpExample" */;
			compatibilityVersion = "Xcode 8.0";
			developmentRegion = en;
			hasScannedForEncodings = 0;
			knownRegions = (
				en,
				Base,
			);
			mainGroup = 547F366520531248002BD738;
			productRefGroup = 547F366F20531248002BD738 /* Products */;
			projectDirPath = "";
			projectRoot = "";
			targets = (
				547F366D20531248002BD738 /* ReactiveYelpExample */,
				547F368120531249002BD738 /* ReactiveYelpExampleTests */,
			);
		};
/* End PBXProject section */

/* Begin PBXResourcesBuildPhase section */
		547F366C20531248002BD738 /* Resources */ = {
			isa = PBXResourcesBuildPhase;
			buildActionMask = 2147483647;
			files = (
				547F367C20531249002BD738 /* LaunchScreen.storyboard in Resources */,
				54393BD82054C07800914188 /* BusinessTableViewCell.xib in Resources */,
				547F367920531249002BD738 /* Assets.xcassets in Resources */,
				547F367720531249002BD738 /* Main.storyboard in Resources */,
			);
			runOnlyForDeploymentPostprocessing = 0;
		};
		547F368020531249002BD738 /* Resources */ = {
			isa = PBXResourcesBuildPhase;
			buildActionMask = 2147483647;
			files = (
			);
			runOnlyForDeploymentPostprocessing = 0;
		};
/* End PBXResourcesBuildPhase section */

/* Begin PBXShellScriptBuildPhase section */
		1869B34CC8C1AD7156F336C6 /* [CP] Embed Pods Frameworks */ = {
			isa = PBXShellScriptBuildPhase;
			buildActionMask = 2147483647;
			files = (
			);
			inputPaths = (
				"${SRCROOT}/Pods/Target Support Files/Pods-ReactiveYelpExample/Pods-ReactiveYelpExample-frameworks.sh",
				"${BUILT_PRODUCTS_DIR}/ReactiveSwift/ReactiveSwift.framework",
				"${BUILT_PRODUCTS_DIR}/Result/Result.framework",
			);
			name = "[CP] Embed Pods Frameworks";
			outputPaths = (
				"${TARGET_BUILD_DIR}/${FRAMEWORKS_FOLDER_PATH}/ReactiveSwift.framework",
				"${TARGET_BUILD_DIR}/${FRAMEWORKS_FOLDER_PATH}/Result.framework",
			);
			runOnlyForDeploymentPostprocessing = 0;
			shellPath = /bin/sh;
			shellScript = "\"${SRCROOT}/Pods/Target Support Files/Pods-ReactiveYelpExample/Pods-ReactiveYelpExample-frameworks.sh\"\n";
			showEnvVarsInLog = 0;
		};
		2FAAF0246FECC6E04D64C343 /* [CP] Check Pods Manifest.lock */ = {
			isa = PBXShellScriptBuildPhase;
			buildActionMask = 2147483647;
			files = (
			);
			inputPaths = (
				"${PODS_PODFILE_DIR_PATH}/Podfile.lock",
				"${PODS_ROOT}/Manifest.lock",
			);
			name = "[CP] Check Pods Manifest.lock";
			outputPaths = (
				"$(DERIVED_FILE_DIR)/Pods-ReactiveYelpExample-checkManifestLockResult.txt",
			);
			runOnlyForDeploymentPostprocessing = 0;
			shellPath = /bin/sh;
			shellScript = "diff \"${PODS_PODFILE_DIR_PATH}/Podfile.lock\" \"${PODS_ROOT}/Manifest.lock\" > /dev/null\nif [ $? != 0 ] ; then\n    # print error to STDERR\n    echo \"error: The sandbox is not in sync with the Podfile.lock. Run 'pod install' or update your CocoaPods installation.\" >&2\n    exit 1\nfi\n# This output is used by Xcode 'outputs' to avoid re-running this script phase.\necho \"SUCCESS\" > \"${SCRIPT_OUTPUT_FILE_0}\"\n";
			showEnvVarsInLog = 0;
		};
		BD343C446EC61BC1F2B07698 /* [CP] Copy Pods Resources */ = {
			isa = PBXShellScriptBuildPhase;
			buildActionMask = 2147483647;
			files = (
			);
			inputPaths = (
			);
			name = "[CP] Copy Pods Resources";
			outputPaths = (
			);
			runOnlyForDeploymentPostprocessing = 0;
			shellPath = /bin/sh;
			shellScript = "\"${SRCROOT}/Pods/Target Support Files/Pods-ReactiveYelpExample/Pods-ReactiveYelpExample-resources.sh\"\n";
			showEnvVarsInLog = 0;
		};
/* End PBXShellScriptBuildPhase section */

/* Begin PBXSourcesBuildPhase section */
		547F366A20531248002BD738 /* Sources */ = {
			isa = PBXSourcesBuildPhase;
			buildActionMask = 2147483647;
			files = (
				54393BD72054C07800914188 /* BusinessTableViewCell.swift in Sources */,
				547F367420531249002BD738 /* BusinessesVC.swift in Sources */,
				54393BD32054B8EB00914188 /* Business.swift in Sources */,
				547F367220531249002BD738 /* AppDelegate.swift in Sources */,
				54393BDC2054CF0200914188 /* ImageDownloader.swift in Sources */,
				54393BD02054B03F00914188 /* YelpAPIClient.swift in Sources */,
			);
			runOnlyForDeploymentPostprocessing = 0;
		};
		547F367E20531249002BD738 /* Sources */ = {
			isa = PBXSourcesBuildPhase;
			buildActionMask = 2147483647;
			files = (
				547F368720531249002BD738 /* ReactiveYelpExampleTests.swift in Sources */,
			);
			runOnlyForDeploymentPostprocessing = 0;
		};
/* End PBXSourcesBuildPhase section */

/* Begin PBXTargetDependency section */
		547F368420531249002BD738 /* PBXTargetDependency */ = {
			isa = PBXTargetDependency;
			target = 547F366D20531248002BD738 /* ReactiveYelpExample */;
			targetProxy = 547F368320531249002BD738 /* PBXContainerItemProxy */;
		};
/* End PBXTargetDependency section */

/* Begin PBXVariantGroup section */
		547F367520531249002BD738 /* Main.storyboard */ = {
			isa = PBXVariantGroup;
			children = (
				547F367620531249002BD738 /* Base */,
			);
			name = Main.storyboard;
			sourceTree = "<group>";
		};
		547F367A20531249002BD738 /* LaunchScreen.storyboard */ = {
			isa = PBXVariantGroup;
			children = (
				547F367B20531249002BD738 /* Base */,
			);
			name = LaunchScreen.storyboard;
			sourceTree = "<group>";
		};
/* End PBXVariantGroup section */

/* Begin XCBuildConfiguration section */
		547F368920531249002BD738 /* Debug */ = {
			isa = XCBuildConfiguration;
			buildSettings = {
				ALWAYS_SEARCH_USER_PATHS = NO;
				CLANG_ANALYZER_NONNULL = YES;
				CLANG_ANALYZER_NUMBER_OBJECT_CONVERSION = YES_AGGRESSIVE;
				CLANG_CXX_LANGUAGE_STANDARD = "gnu++14";
				CLANG_CXX_LIBRARY = "libc++";
				CLANG_ENABLE_MODULES = YES;
				CLANG_ENABLE_OBJC_ARC = YES;
				CLANG_WARN_BLOCK_CAPTURE_AUTORELEASING = YES;
				CLANG_WARN_BOOL_CONVERSION = YES;
				CLANG_WARN_COMMA = YES;
				CLANG_WARN_CONSTANT_CONVERSION = YES;
				CLANG_WARN_DIRECT_OBJC_ISA_USAGE = YES_ERROR;
				CLANG_WARN_DOCUMENTATION_COMMENTS = YES;
				CLANG_WARN_EMPTY_BODY = YES;
				CLANG_WARN_ENUM_CONVERSION = YES;
				CLANG_WARN_INFINITE_RECURSION = YES;
				CLANG_WARN_INT_CONVERSION = YES;
				CLANG_WARN_NON_LITERAL_NULL_CONVERSION = YES;
				CLANG_WARN_OBJC_LITERAL_CONVERSION = YES;
				CLANG_WARN_OBJC_ROOT_CLASS = YES_ERROR;
				CLANG_WARN_RANGE_LOOP_ANALYSIS = YES;
				CLANG_WARN_STRICT_PROTOTYPES = YES;
				CLANG_WARN_SUSPICIOUS_MOVE = YES;
				CLANG_WARN_UNGUARDED_AVAILABILITY = YES_AGGRESSIVE;
				CLANG_WARN_UNREACHABLE_CODE = YES;
				CLANG_WARN__DUPLICATE_METHOD_MATCH = YES;
				CODE_SIGN_IDENTITY = "iPhone Developer";
				COPY_PHASE_STRIP = NO;
				DEBUG_INFORMATION_FORMAT = dwarf;
				ENABLE_STRICT_OBJC_MSGSEND = YES;
				ENABLE_TESTABILITY = YES;
				GCC_C_LANGUAGE_STANDARD = gnu11;
				GCC_DYNAMIC_NO_PIC = NO;
				GCC_NO_COMMON_BLOCKS = YES;
				GCC_OPTIMIZATION_LEVEL = 0;
				GCC_PREPROCESSOR_DEFINITIONS = (
					"DEBUG=1",
					"$(inherited)",
				);
				GCC_WARN_64_TO_32_BIT_CONVERSION = YES;
				GCC_WARN_ABOUT_RETURN_TYPE = YES_ERROR;
				GCC_WARN_UNDECLARED_SELECTOR = YES;
				GCC_WARN_UNINITIALIZED_AUTOS = YES_AGGRESSIVE;
				GCC_WARN_UNUSED_FUNCTION = YES;
				GCC_WARN_UNUSED_VARIABLE = YES;
				IPHONEOS_DEPLOYMENT_TARGET = 11.2;
				MTL_ENABLE_DEBUG_INFO = YES;
				ONLY_ACTIVE_ARCH = YES;
				SDKROOT = iphoneos;
				SWIFT_ACTIVE_COMPILATION_CONDITIONS = DEBUG;
				SWIFT_OPTIMIZATION_LEVEL = "-Onone";
			};
			name = Debug;
		};
		547F368A20531249002BD738 /* Release */ = {
			isa = XCBuildConfiguration;
			buildSettings = {
				ALWAYS_SEARCH_USER_PATHS = NO;
				CLANG_ANALYZER_NONNULL = YES;
				CLANG_ANALYZER_NUMBER_OBJECT_CONVERSION = YES_AGGRESSIVE;
				CLANG_CXX_LANGUAGE_STANDARD = "gnu++14";
				CLANG_CXX_LIBRARY = "libc++";
				CLANG_ENABLE_MODULES = YES;
				CLANG_ENABLE_OBJC_ARC = YES;
				CLANG_WARN_BLOCK_CAPTURE_AUTORELEASING = YES;
				CLANG_WARN_BOOL_CONVERSION = YES;
				CLANG_WARN_COMMA = YES;
				CLANG_WARN_CONSTANT_CONVERSION = YES;
				CLANG_WARN_DIRECT_OBJC_ISA_USAGE = YES_ERROR;
				CLANG_WARN_DOCUMENTATION_COMMENTS = YES;
				CLANG_WARN_EMPTY_BODY = YES;
				CLANG_WARN_ENUM_CONVERSION = YES;
				CLANG_WARN_INFINITE_RECURSION = YES;
				CLANG_WARN_INT_CONVERSION = YES;
				CLANG_WARN_NON_LITERAL_NULL_CONVERSION = YES;
				CLANG_WARN_OBJC_LITERAL_CONVERSION = YES;
				CLANG_WARN_OBJC_ROOT_CLASS = YES_ERROR;
				CLANG_WARN_RANGE_LOOP_ANALYSIS = YES;
				CLANG_WARN_STRICT_PROTOTYPES = YES;
				CLANG_WARN_SUSPICIOUS_MOVE = YES;
				CLANG_WARN_UNGUARDED_AVAILABILITY = YES_AGGRESSIVE;
				CLANG_WARN_UNREACHABLE_CODE = YES;
				CLANG_WARN__DUPLICATE_METHOD_MATCH = YES;
				CODE_SIGN_IDENTITY = "iPhone Developer";
				COPY_PHASE_STRIP = NO;
				DEBUG_INFORMATION_FORMAT = "dwarf-with-dsym";
				ENABLE_NS_ASSERTIONS = NO;
				ENABLE_STRICT_OBJC_MSGSEND = YES;
				GCC_C_LANGUAGE_STANDARD = gnu11;
				GCC_NO_COMMON_BLOCKS = YES;
				GCC_WARN_64_TO_32_BIT_CONVERSION = YES;
				GCC_WARN_ABOUT_RETURN_TYPE = YES_ERROR;
				GCC_WARN_UNDECLARED_SELECTOR = YES;
				GCC_WARN_UNINITIALIZED_AUTOS = YES_AGGRESSIVE;
				GCC_WARN_UNUSED_FUNCTION = YES;
				GCC_WARN_UNUSED_VARIABLE = YES;
				IPHONEOS_DEPLOYMENT_TARGET = 11.2;
				MTL_ENABLE_DEBUG_INFO = NO;
				SDKROOT = iphoneos;
				SWIFT_OPTIMIZATION_LEVEL = "-Owholemodule";
				VALIDATE_PRODUCT = YES;
			};
			name = Release;
		};
		547F368C20531249002BD738 /* Debug */ = {
			isa = XCBuildConfiguration;
			baseConfigurationReference = 2558D24DCD11D9A85481B5A1 /* Pods-ReactiveYelpExample.debug.xcconfig */;
			buildSettings = {
				ASSETCATALOG_COMPILER_APPICON_NAME = AppIcon;
				CODE_SIGN_STYLE = Automatic;
				DEVELOPMENT_TEAM = 9VAB4C9UST;
				INFOPLIST_FILE = ReactiveYelpExample/Info.plist;
				LD_RUNPATH_SEARCH_PATHS = "$(inherited) @executable_path/Frameworks";
				PRODUCT_BUNDLE_IDENTIFIER = lbasile.ReactiveYelpExample;
				PRODUCT_NAME = "$(TARGET_NAME)";
				SWIFT_VERSION = 4.0;
				TARGETED_DEVICE_FAMILY = "1,2";
			};
			name = Debug;
		};
		547F368D20531249002BD738 /* Release */ = {
			isa = XCBuildConfiguration;
			baseConfigurationReference = 0EC288755E2283D118257146 /* Pods-ReactiveYelpExample.release.xcconfig */;
			buildSettings = {
				ASSETCATALOG_COMPILER_APPICON_NAME = AppIcon;
				CODE_SIGN_STYLE = Automatic;
				DEVELOPMENT_TEAM = 9VAB4C9UST;
				INFOPLIST_FILE = ReactiveYelpExample/Info.plist;
				LD_RUNPATH_SEARCH_PATHS = "$(inherited) @executable_path/Frameworks";
				PRODUCT_BUNDLE_IDENTIFIER = lbasile.ReactiveYelpExample;
				PRODUCT_NAME = "$(TARGET_NAME)";
				SWIFT_VERSION = 4.0;
				TARGETED_DEVICE_FAMILY = "1,2";
			};
			name = Release;
		};
		547F368F20531249002BD738 /* Debug */ = {
			isa = XCBuildConfiguration;
			buildSettings = {
				ALWAYS_EMBED_SWIFT_STANDARD_LIBRARIES = YES;
				BUNDLE_LOADER = "$(TEST_HOST)";
				CODE_SIGN_STYLE = Automatic;
				INFOPLIST_FILE = ReactiveYelpExampleTests/Info.plist;
				LD_RUNPATH_SEARCH_PATHS = "$(inherited) @executable_path/Frameworks @loader_path/Frameworks";
				PRODUCT_BUNDLE_IDENTIFIER = lbasile.ReactiveYelpExampleTests;
				PRODUCT_NAME = "$(TARGET_NAME)";
				SWIFT_VERSION = 4.0;
				TARGETED_DEVICE_FAMILY = "1,2";
				TEST_HOST = "$(BUILT_PRODUCTS_DIR)/ReactiveYelpExample.app/ReactiveYelpExample";
			};
			name = Debug;
		};
		547F369020531249002BD738 /* Release */ = {
			isa = XCBuildConfiguration;
			buildSettings = {
				ALWAYS_EMBED_SWIFT_STANDARD_LIBRARIES = YES;
				BUNDLE_LOADER = "$(TEST_HOST)";
				CODE_SIGN_STYLE = Automatic;
				INFOPLIST_FILE = ReactiveYelpExampleTests/Info.plist;
				LD_RUNPATH_SEARCH_PATHS = "$(inherited) @executable_path/Frameworks @loader_path/Frameworks";
				PRODUCT_BUNDLE_IDENTIFIER = lbasile.ReactiveYelpExampleTests;
				PRODUCT_NAME = "$(TARGET_NAME)";
				SWIFT_VERSION = 4.0;
				TARGETED_DEVICE_FAMILY = "1,2";
				TEST_HOST = "$(BUILT_PRODUCTS_DIR)/ReactiveYelpExample.app/ReactiveYelpExample";
			};
			name = Release;
		};
/* End XCBuildConfiguration section */

/* Begin XCConfigurationList section */
		547F366920531248002BD738 /* Build configuration list for PBXProject "ReactiveYelpExample" */ = {
			isa = XCConfigurationList;
			buildConfigurations = (
				547F368920531249002BD738 /* Debug */,
				547F368A20531249002BD738 /* Release */,
			);
			defaultConfigurationIsVisible = 0;
			defaultConfigurationName = Release;
		};
		547F368B20531249002BD738 /* Build configuration list for PBXNativeTarget "ReactiveYelpExample" */ = {
			isa = XCConfigurationList;
			buildConfigurations = (
				547F368C20531249002BD738 /* Debug */,
				547F368D20531249002BD738 /* Release */,
			);
			defaultConfigurationIsVisible = 0;
			defaultConfigurationName = Release;
		};
		547F368E20531249002BD738 /* Build configuration list for PBXNativeTarget "ReactiveYelpExampleTests" */ = {
			isa = XCConfigurationList;
			buildConfigurations = (
				547F368F20531249002BD738 /* Debug */,
				547F369020531249002BD738 /* Release */,
			);
			defaultConfigurationIsVisible = 0;
			defaultConfigurationName = Release;
		};
/* End XCConfigurationList section */
	};
	rootObject = 547F366620531248002BD738 /* Project object */;
}
